// !$*UTF8*$!
{
	archiveVersion = 1;
	classes = {
	};
	objectVersion = 56;
	objects = {

/* Begin PBXBuildFile section */
		3244743428ADE90600741130 /* PDF_GeneratorApp.swift in Sources */ = {isa = PBXBuildFile; fileRef = 3244743328ADE90600741130 /* PDF_GeneratorApp.swift */; };
		3244743628ADE90600741130 /* ContentView.swift in Sources */ = {isa = PBXBuildFile; fileRef = 3244743528ADE90600741130 /* ContentView.swift */; };
		3244743828ADE90800741130 /* Assets.xcassets in Resources */ = {isa = PBXBuildFile; fileRef = 3244743728ADE90800741130 /* Assets.xcassets */; };
		3244743C28ADE90800741130 /* Preview Assets.xcassets in Resources */ = {isa = PBXBuildFile; fileRef = 3244743B28ADE90800741130 /* Preview Assets.xcassets */; };
		3244744328ADF6C200741130 /* EditorView.swift in Sources */ = {isa = PBXBuildFile; fileRef = 3244744228ADF6C200741130 /* EditorView.swift */; };
		3244744528ADF6E800741130 /* Document.swift in Sources */ = {isa = PBXBuildFile; fileRef = 3244744428ADF6E800741130 /* Document.swift */; };
		3244744728ADF73800741130 /* Attachment.swift in Sources */ = {isa = PBXBuildFile; fileRef = 3244744628ADF73800741130 /* Attachment.swift */; };
		3244744928AE00B100741130 /* Image+Data.swift in Sources */ = {isa = PBXBuildFile; fileRef = 3244744828AE00B100741130 /* Image+Data.swift */; };
		3244744B28AE0B2D00741130 /* HSplitStack.swift in Sources */ = {isa = PBXBuildFile; fileRef = 3244744A28AE0B2D00741130 /* HSplitStack.swift */; };
		3244747128AE7A0100741130 /* ViewModel.swift in Sources */ = {isa = PBXBuildFile; fileRef = 3244747028AE7A0100741130 /* ViewModel.swift */; };
		3244747328AE7A3100741130 /* FontFamily.swift in Sources */ = {isa = PBXBuildFile; fileRef = 3244747228AE7A3100741130 /* FontFamily.swift */; };
		3244747528AE92C600741130 /* ObjectInspector.swift in Sources */ = {isa = PBXBuildFile; fileRef = 3244747428AE92C600741130 /* ObjectInspector.swift */; };
/* End PBXBuildFile section */

/* Begin PBXFileReference section */
		3244743028ADE90600741130 /* no not another pdf generator.app */ = {isa = PBXFileReference; explicitFileType = wrapper.application; includeInIndex = 0; path = "no not another pdf generator.app"; sourceTree = BUILT_PRODUCTS_DIR; };
		3244743328ADE90600741130 /* PDF_GeneratorApp.swift */ = {isa = PBXFileReference; lastKnownFileType = sourcecode.swift; path = PDF_GeneratorApp.swift; sourceTree = "<group>"; };
		3244743528ADE90600741130 /* ContentView.swift */ = {isa = PBXFileReference; lastKnownFileType = sourcecode.swift; path = ContentView.swift; sourceTree = "<group>"; };
		3244743728ADE90800741130 /* Assets.xcassets */ = {isa = PBXFileReference; lastKnownFileType = folder.assetcatalog; path = Assets.xcassets; sourceTree = "<group>"; };
		3244743928ADE90800741130 /* PDF_Generator.entitlements */ = {isa = PBXFileReference; lastKnownFileType = text.plist.entitlements; path = PDF_Generator.entitlements; sourceTree = "<group>"; };
		3244743B28ADE90800741130 /* Preview Assets.xcassets */ = {isa = PBXFileReference; lastKnownFileType = folder.assetcatalog; path = "Preview Assets.xcassets"; sourceTree = "<group>"; };
		3244744228ADF6C200741130 /* EditorView.swift */ = {isa = PBXFileReference; lastKnownFileType = sourcecode.swift; path = EditorView.swift; sourceTree = "<group>"; };
		3244744428ADF6E800741130 /* Document.swift */ = {isa = PBXFileReference; lastKnownFileType = sourcecode.swift; path = Document.swift; sourceTree = "<group>"; };
		3244744628ADF73800741130 /* Attachment.swift */ = {isa = PBXFileReference; lastKnownFileType = sourcecode.swift; path = Attachment.swift; sourceTree = "<group>"; };
		3244744828AE00B100741130 /* Image+Data.swift */ = {isa = PBXFileReference; lastKnownFileType = sourcecode.swift; path = "Image+Data.swift"; sourceTree = "<group>"; };
		3244744A28AE0B2D00741130 /* HSplitStack.swift */ = {isa = PBXFileReference; lastKnownFileType = sourcecode.swift; path = HSplitStack.swift; sourceTree = "<group>"; };
		3244747028AE7A0100741130 /* ViewModel.swift */ = {isa = PBXFileReference; lastKnownFileType = sourcecode.swift; path = ViewModel.swift; sourceTree = "<group>"; };
		3244747228AE7A3100741130 /* FontFamily.swift */ = {isa = PBXFileReference; lastKnownFileType = sourcecode.swift; path = FontFamily.swift; sourceTree = "<group>"; };
		3244747428AE92C600741130 /* ObjectInspector.swift */ = {isa = PBXFileReference; lastKnownFileType = sourcecode.swift; path = ObjectInspector.swift; sourceTree = "<group>"; };
/* End PBXFileReference section */

/* Begin PBXFrameworksBuildPhase section */
		3244742D28ADE90600741130 /* Frameworks */ = {
			isa = PBXFrameworksBuildPhase;
			buildActionMask = 2147483647;
			files = (
			);
			runOnlyForDeploymentPostprocessing = 0;
		};
/* End PBXFrameworksBuildPhase section */

/* Begin PBXGroup section */
		3244742728ADE90600741130 = {
			isa = PBXGroup;
			children = (
				3244743228ADE90600741130 /* PDF Generator */,
				3244743128ADE90600741130 /* Products */,
			);
			sourceTree = "<group>";
		};
		3244743128ADE90600741130 /* Products */ = {
			isa = PBXGroup;
			children = (
				3244743028ADE90600741130 /* no not another pdf generator.app */,
			);
			name = Products;
			sourceTree = "<group>";
		};
		3244743228ADE90600741130 /* PDF Generator */ = {
			isa = PBXGroup;
			children = (
				3244743328ADE90600741130 /* PDF_GeneratorApp.swift */,
				3244743528ADE90600741130 /* ContentView.swift */,
				3244744228ADF6C200741130 /* EditorView.swift */,
				3244747428AE92C600741130 /* ObjectInspector.swift */,
				3244747028AE7A0100741130 /* ViewModel.swift */,
				3244747228AE7A3100741130 /* FontFamily.swift */,
				3244744A28AE0B2D00741130 /* HSplitStack.swift */,
				3244744828AE00B100741130 /* Image+Data.swift */,
				3244744428ADF6E800741130 /* Document.swift */,
				3244744628ADF73800741130 /* Attachment.swift */,
				3244743728ADE90800741130 /* Assets.xcassets */,
				3244743928ADE90800741130 /* PDF_Generator.entitlements */,
				3244743A28ADE90800741130 /* Preview Content */,
			);
			path = "PDF Generator";
			sourceTree = "<group>";
		};
		3244743A28ADE90800741130 /* Preview Content */ = {
			isa = PBXGroup;
			children = (
				3244743B28ADE90800741130 /* Preview Assets.xcassets */,
			);
			path = "Preview Content";
			sourceTree = "<group>";
		};
/* End PBXGroup section */

/* Begin PBXNativeTarget section */
		3244742F28ADE90600741130 /* PDF Generator */ = {
			isa = PBXNativeTarget;
			buildConfigurationList = 3244743F28ADE90800741130 /* Build configuration list for PBXNativeTarget "PDF Generator" */;
			buildPhases = (
				3244742C28ADE90600741130 /* Sources */,
				3244742D28ADE90600741130 /* Frameworks */,
				3244742E28ADE90600741130 /* Resources */,
			);
			buildRules = (
			);
			dependencies = (
			);
			name = "PDF Generator";
			productName = "PDF Generator";
			productReference = 3244743028ADE90600741130 /* no not another pdf generator.app */;
			productType = "com.apple.product-type.application";
		};
/* End PBXNativeTarget section */

/* Begin PBXProject section */
		3244742828ADE90600741130 /* Project object */ = {
			isa = PBXProject;
			attributes = {
				BuildIndependentTargetsInParallel = 1;
				LastSwiftUpdateCheck = 1400;
				LastUpgradeCheck = 1400;
				TargetAttributes = {
					3244742F28ADE90600741130 = {
						CreatedOnToolsVersion = 14.0;
					};
				};
			};
			buildConfigurationList = 3244742B28ADE90600741130 /* Build configuration list for PBXProject "PDF Generator" */;
			compatibilityVersion = "Xcode 14.0";
			developmentRegion = en;
			hasScannedForEncodings = 0;
			knownRegions = (
				en,
				Base,
			);
			mainGroup = 3244742728ADE90600741130;
			productRefGroup = 3244743128ADE90600741130 /* Products */;
			projectDirPath = "";
			projectRoot = "";
			targets = (
				3244742F28ADE90600741130 /* PDF Generator */,
			);
		};
/* End PBXProject section */

/* Begin PBXResourcesBuildPhase section */
		3244742E28ADE90600741130 /* Resources */ = {
			isa = PBXResourcesBuildPhase;
			buildActionMask = 2147483647;
			files = (
				3244743C28ADE90800741130 /* Preview Assets.xcassets in Resources */,
				3244743828ADE90800741130 /* Assets.xcassets in Resources */,
			);
			runOnlyForDeploymentPostprocessing = 0;
		};
/* End PBXResourcesBuildPhase section */

/* Begin PBXSourcesBuildPhase section */
		3244742C28ADE90600741130 /* Sources */ = {
			isa = PBXSourcesBuildPhase;
			buildActionMask = 2147483647;
			files = (
				3244744328ADF6C200741130 /* EditorView.swift in Sources */,
				3244747128AE7A0100741130 /* ViewModel.swift in Sources */,
				3244744B28AE0B2D00741130 /* HSplitStack.swift in Sources */,
				3244743628ADE90600741130 /* ContentView.swift in Sources */,
				3244744528ADF6E800741130 /* Document.swift in Sources */,
				3244747328AE7A3100741130 /* FontFamily.swift in Sources */,
				3244747528AE92C600741130 /* ObjectInspector.swift in Sources */,
				3244744928AE00B100741130 /* Image+Data.swift in Sources */,
				3244743428ADE90600741130 /* PDF_GeneratorApp.swift in Sources */,
				3244744728ADF73800741130 /* Attachment.swift in Sources */,
			);
			runOnlyForDeploymentPostprocessing = 0;
		};
/* End PBXSourcesBuildPhase section */

/* Begin XCBuildConfiguration section */
		3244743D28ADE90800741130 /* Debug */ = {
			isa = XCBuildConfiguration;
			buildSettings = {
				ALWAYS_SEARCH_USER_PATHS = NO;
				CLANG_ANALYZER_NONNULL = YES;
				CLANG_ANALYZER_NUMBER_OBJECT_CONVERSION = YES_AGGRESSIVE;
				CLANG_CXX_LANGUAGE_STANDARD = "gnu++20";
				CLANG_ENABLE_MODULES = YES;
				CLANG_ENABLE_OBJC_ARC = YES;
				CLANG_ENABLE_OBJC_WEAK = YES;
				CLANG_WARN_BLOCK_CAPTURE_AUTORELEASING = YES;
				CLANG_WARN_BOOL_CONVERSION = YES;
				CLANG_WARN_COMMA = YES;
				CLANG_WARN_CONSTANT_CONVERSION = YES;
				CLANG_WARN_DEPRECATED_OBJC_IMPLEMENTATIONS = YES;
				CLANG_WARN_DIRECT_OBJC_ISA_USAGE = YES_ERROR;
				CLANG_WARN_DOCUMENTATION_COMMENTS = YES;
				CLANG_WARN_EMPTY_BODY = YES;
				CLANG_WARN_ENUM_CONVERSION = YES;
				CLANG_WARN_INFINITE_RECURSION = YES;
				CLANG_WARN_INT_CONVERSION = YES;
				CLANG_WARN_NON_LITERAL_NULL_CONVERSION = YES;
				CLANG_WARN_OBJC_IMPLICIT_RETAIN_SELF = YES;
				CLANG_WARN_OBJC_LITERAL_CONVERSION = YES;
				CLANG_WARN_OBJC_ROOT_CLASS = YES_ERROR;
				CLANG_WARN_QUOTED_INCLUDE_IN_FRAMEWORK_HEADER = YES;
				CLANG_WARN_RANGE_LOOP_ANALYSIS = YES;
				CLANG_WARN_STRICT_PROTOTYPES = YES;
				CLANG_WARN_SUSPICIOUS_MOVE = YES;
				CLANG_WARN_UNGUARDED_AVAILABILITY = YES_AGGRESSIVE;
				CLANG_WARN_UNREACHABLE_CODE = YES;
				CLANG_WARN__DUPLICATE_METHOD_MATCH = YES;
				COPY_PHASE_STRIP = NO;
				DEBUG_INFORMATION_FORMAT = dwarf;
				ENABLE_STRICT_OBJC_MSGSEND = YES;
				ENABLE_TESTABILITY = YES;
				GCC_C_LANGUAGE_STANDARD = gnu11;
				GCC_DYNAMIC_NO_PIC = NO;
				GCC_NO_COMMON_BLOCKS = YES;
				GCC_OPTIMIZATION_LEVEL = 0;
				GCC_PREPROCESSOR_DEFINITIONS = (
					"DEBUG=1",
					"$(inherited)",
				);
				GCC_WARN_64_TO_32_BIT_CONVERSION = YES;
				GCC_WARN_ABOUT_RETURN_TYPE = YES_ERROR;
				GCC_WARN_UNDECLARED_SELECTOR = YES;
				GCC_WARN_UNINITIALIZED_AUTOS = YES_AGGRESSIVE;
				GCC_WARN_UNUSED_FUNCTION = YES;
				GCC_WARN_UNUSED_VARIABLE = YES;
				MTL_ENABLE_DEBUG_INFO = INCLUDE_SOURCE;
				MTL_FAST_MATH = YES;
				ONLY_ACTIVE_ARCH = YES;
				SWIFT_ACTIVE_COMPILATION_CONDITIONS = DEBUG;
				SWIFT_OPTIMIZATION_LEVEL = "-Onone";
			};
			name = Debug;
		};
		3244743E28ADE90800741130 /* Release */ = {
			isa = XCBuildConfiguration;
			buildSettings = {
				ALWAYS_SEARCH_USER_PATHS = NO;
				CLANG_ANALYZER_NONNULL = YES;
				CLANG_ANALYZER_NUMBER_OBJECT_CONVERSION = YES_AGGRESSIVE;
				CLANG_CXX_LANGUAGE_STANDARD = "gnu++20";
				CLANG_ENABLE_MODULES = YES;
				CLANG_ENABLE_OBJC_ARC = YES;
				CLANG_ENABLE_OBJC_WEAK = YES;
				CLANG_WARN_BLOCK_CAPTURE_AUTORELEASING = YES;
				CLANG_WARN_BOOL_CONVERSION = YES;
				CLANG_WARN_COMMA = YES;
				CLANG_WARN_CONSTANT_CONVERSION = YES;
				CLANG_WARN_DEPRECATED_OBJC_IMPLEMENTATIONS = YES;
				CLANG_WARN_DIRECT_OBJC_ISA_USAGE = YES_ERROR;
				CLANG_WARN_DOCUMENTATION_COMMENTS = YES;
				CLANG_WARN_EMPTY_BODY = YES;
				CLANG_WARN_ENUM_CONVERSION = YES;
				CLANG_WARN_INFINITE_RECURSION = YES;
				CLANG_WARN_INT_CONVERSION = YES;
				CLANG_WARN_NON_LITERAL_NULL_CONVERSION = YES;
				CLANG_WARN_OBJC_IMPLICIT_RETAIN_SELF = YES;
				CLANG_WARN_OBJC_LITERAL_CONVERSION = YES;
				CLANG_WARN_OBJC_ROOT_CLASS = YES_ERROR;
				CLANG_WARN_QUOTED_INCLUDE_IN_FRAMEWORK_HEADER = YES;
				CLANG_WARN_RANGE_LOOP_ANALYSIS = YES;
				CLANG_WARN_STRICT_PROTOTYPES = YES;
				CLANG_WARN_SUSPICIOUS_MOVE = YES;
				CLANG_WARN_UNGUARDED_AVAILABILITY = YES_AGGRESSIVE;
				CLANG_WARN_UNREACHABLE_CODE = YES;
				CLANG_WARN__DUPLICATE_METHOD_MATCH = YES;
				COPY_PHASE_STRIP = NO;
				DEBUG_INFORMATION_FORMAT = "dwarf-with-dsym";
				ENABLE_NS_ASSERTIONS = NO;
				ENABLE_STRICT_OBJC_MSGSEND = YES;
				GCC_C_LANGUAGE_STANDARD = gnu11;
				GCC_NO_COMMON_BLOCKS = YES;
				GCC_WARN_64_TO_32_BIT_CONVERSION = YES;
				GCC_WARN_ABOUT_RETURN_TYPE = YES_ERROR;
				GCC_WARN_UNDECLARED_SELECTOR = YES;
				GCC_WARN_UNINITIALIZED_AUTOS = YES_AGGRESSIVE;
				GCC_WARN_UNUSED_FUNCTION = YES;
				GCC_WARN_UNUSED_VARIABLE = YES;
				MTL_ENABLE_DEBUG_INFO = NO;
				MTL_FAST_MATH = YES;
				SWIFT_COMPILATION_MODE = wholemodule;
				SWIFT_OPTIMIZATION_LEVEL = "-O";
			};
			name = Release;
		};
		3244744028ADE90800741130 /* Debug */ = {
			isa = XCBuildConfiguration;
			buildSettings = {
				ASSETCATALOG_COMPILER_APPICON_NAME = AppIcon;
				ASSETCATALOG_COMPILER_GLOBAL_ACCENT_COLOR_NAME = AccentColor;
				CODE_SIGN_ENTITLEMENTS = "PDF Generator/PDF_Generator.entitlements";
				CODE_SIGN_STYLE = Automatic;
				CURRENT_PROJECT_VERSION = 1;
				DEVELOPMENT_ASSET_PATHS = "\"PDF Generator/Preview Content\"";
				DEVELOPMENT_TEAM = XL5JK4F896;
				ENABLE_PREVIEWS = YES;
				GENERATE_INFOPLIST_FILE = YES;
				INFOPLIST_KEY_NSFileProviderPresenceUsageDescription = "Import and export files into the Files app";
				"INFOPLIST_KEY_UIApplicationSceneManifest_Generation[sdk=iphoneos*]" = YES;
				"INFOPLIST_KEY_UIApplicationSceneManifest_Generation[sdk=iphonesimulator*]" = YES;
				"INFOPLIST_KEY_UIApplicationSupportsIndirectInputEvents[sdk=iphoneos*]" = YES;
				"INFOPLIST_KEY_UIApplicationSupportsIndirectInputEvents[sdk=iphonesimulator*]" = YES;
				"INFOPLIST_KEY_UILaunchScreen_Generation[sdk=iphoneos*]" = YES;
				"INFOPLIST_KEY_UILaunchScreen_Generation[sdk=iphonesimulator*]" = YES;
				INFOPLIST_KEY_UISupportedInterfaceOrientations_iPad = "UIInterfaceOrientationPortrait UIInterfaceOrientationPortraitUpsideDown UIInterfaceOrientationLandscapeLeft UIInterfaceOrientationLandscapeRight";
				INFOPLIST_KEY_UISupportedInterfaceOrientations_iPhone = "UIInterfaceOrientationPortrait UIInterfaceOrientationLandscapeLeft UIInterfaceOrientationLandscapeRight";
				IPHONEOS_DEPLOYMENT_TARGET = 16.0;
				LD_RUNPATH_SEARCH_PATHS = "@executable_path/Frameworks";
				"LD_RUNPATH_SEARCH_PATHS[sdk=macosx*]" = "@executable_path/../Frameworks";
				MACOSX_DEPLOYMENT_TARGET = 13.0;
				MARKETING_VERSION = 1.0;
				PRODUCT_BUNDLE_IDENTIFIER = "com.jiachenyee.PDF-Generator";
				PRODUCT_NAME = "no not another pdf generator";
				SDKROOT = auto;
				SUPPORTED_PLATFORMS = "iphoneos iphonesimulator macosx";
				SWIFT_EMIT_LOC_STRINGS = YES;
				SWIFT_VERSION = 5.0;
				TARGETED_DEVICE_FAMILY = "1,2";
			};
			name = Debug;
		};
		3244744128ADE90800741130 /* Release */ = {
			isa = XCBuildConfiguration;
			buildSettings = {
				ASSETCATALOG_COMPILER_APPICON_NAME = AppIcon;
				ASSETCATALOG_COMPILER_GLOBAL_ACCENT_COLOR_NAME = AccentColor;
				CODE_SIGN_ENTITLEMENTS = "PDF Generator/PDF_Generator.entitlements";
				CODE_SIGN_STYLE = Automatic;
				CURRENT_PROJECT_VERSION = 1;
				DEVELOPMENT_ASSET_PATHS = "\"PDF Generator/Preview Content\"";
				DEVELOPMENT_TEAM = XL5JK4F896;
				ENABLE_PREVIEWS = YES;
				GENERATE_INFOPLIST_FILE = YES;
				INFOPLIST_KEY_NSFileProviderPresenceUsageDescription = "Import and export files into the Files app";
				"INFOPLIST_KEY_UIApplicationSceneManifest_Generation[sdk=iphoneos*]" = YES;
				"INFOPLIST_KEY_UIApplicationSceneManifest_Generation[sdk=iphonesimulator*]" = YES;
				"INFOPLIST_KEY_UIApplicationSupportsIndirectInputEvents[sdk=iphoneos*]" = YES;
				"INFOPLIST_KEY_UIApplicationSupportsIndirectInputEvents[sdk=iphonesimulator*]" = YES;
				"INFOPLIST_KEY_UILaunchScreen_Generation[sdk=iphoneos*]" = YES;
				"INFOPLIST_KEY_UILaunchScreen_Generation[sdk=iphonesimulator*]" = YES;
				INFOPLIST_KEY_UISupportedInterfaceOrientations_iPad = "UIInterfaceOrientationPortrait UIInterfaceOrientationPortraitUpsideDown UIInterfaceOrientationLandscapeLeft UIInterfaceOrientationLandscapeRight";
				INFOPLIST_KEY_UISupportedInterfaceOrientations_iPhone = "UIInterfaceOrientationPortrait UIInterfaceOrientationLandscapeLeft UIInterfaceOrientationLandscapeRight";
				IPHONEOS_DEPLOYMENT_TARGET = 16.0;
				LD_RUNPATH_SEARCH_PATHS = "@executable_path/Frameworks";
				"LD_RUNPATH_SEARCH_PATHS[sdk=macosx*]" = "@executable_path/../Frameworks";
				MACOSX_DEPLOYMENT_TARGET = 13.0;
				MARKETING_VERSION = 1.0;
				PRODUCT_BUNDLE_IDENTIFIER = "com.jiachenyee.PDF-Generator";
				PRODUCT_NAME = "no not another pdf generator";
				SDKROOT = auto;
				SUPPORTED_PLATFORMS = "iphoneos iphonesimulator macosx";
				SWIFT_EMIT_LOC_STRINGS = YES;
				SWIFT_VERSION = 5.0;
				TARGETED_DEVICE_FAMILY = "1,2";
			};
			name = Release;
		};
/* End XCBuildConfiguration section */

/* Begin XCConfigurationList section */
		3244742B28ADE90600741130 /* Build configuration list for PBXProject "PDF Generator" */ = {
			isa = XCConfigurationList;
			buildConfigurations = (
				3244743D28ADE90800741130 /* Debug */,
				3244743E28ADE90800741130 /* Release */,
			);
			defaultConfigurationIsVisible = 0;
			defaultConfigurationName = Release;
		};
		3244743F28ADE90800741130 /* Build configuration list for PBXNativeTarget "PDF Generator" */ = {
			isa = XCConfigurationList;
			buildConfigurations = (
				3244744028ADE90800741130 /* Debug */,
				3244744128ADE90800741130 /* Release */,
			);
			defaultConfigurationIsVisible = 0;
			defaultConfigurationName = Release;
		};
/* End XCConfigurationList section */
	};
	rootObject = 3244742828ADE90600741130 /* Project object */;
}
